NeoBundleLock Dockerfile.vim 1fc71e1c82e1b818d3353c8f1c28afece5e20046
NeoBundleLock YouCompleteMe 6ba88ccce5c69c2ecd104d7854177a71282b78fd
NeoBundleLock ag.vim f05f31352689be245611c893b37652110f27a2c5
NeoBundleLock ctrlp-funky eb560040dde4b6c0dbe55242760824fd674e13f2
NeoBundleLock ctrlp.vim f2effdc86abf172d6562ec589fa1aa2c8f136a08
NeoBundleLock neobundle.vim da586948ea027442d6c1b724e3b8c0937e224454
NeoBundleLock nerdtree 3b98a7fcae8f9fff356907171f0406ff8cd28921
NeoBundleLock syntastic 48090a19f21a3c602b85e59605c0f2a41e5fc69d
NeoBundleLock tern_for_vim c677b663adc1e34f4419c70f278dc78d017e673b
NeoBundleLock ultisnips 00848d7d64e7b736adbdb4bf4c05576ea42fb806
NeoBundleLock vim-airline f45ecdac15d99ed2354873a8b4d40432fd0a85a3
NeoBundleLock vim-fugitive 4cc201cbe3a0c3faa4cde1b82ba941d410e5e81c
NeoBundleLock vim-gitgutter e098491906c4e6d8a2a4d10ab60b91570eb81113
NeoBundleLock vim-json 994a031bbfe107f065a831310b9239f281690e3e
NeoBundleLock vim-jsx c8fc9ec2e2183ff9f22812ce2bd0137cb26fd9e5
NeoBundleLock vim-monokai 3103dcb2470d26a78512aacf2062bdba50e5dc3a
NeoBundleLock vim-surround 772ab9587b7d1e2c3bae75395c9123803059ba8a
